// !$*UTF8*$!
{
	archiveVersion = 1;
	classes = {
	};
	objectVersion = 46;
	objects = {

/* Begin PBXBuildFile section */
		8FDB76891844994D00C1EFA3 /* Foundation.framework in Frameworks */ = {isa = PBXBuildFile; fileRef = 8FDB76881844994D00C1EFA3 /* Foundation.framework */; };
		8FDB768B1844994D00C1EFA3 /* CoreGraphics.framework in Frameworks */ = {isa = PBXBuildFile; fileRef = 8FDB768A1844994D00C1EFA3 /* CoreGraphics.framework */; };
		8FDB768D1844994D00C1EFA3 /* UIKit.framework in Frameworks */ = {isa = PBXBuildFile; fileRef = 8FDB768C1844994D00C1EFA3 /* UIKit.framework */; };
		8FDB76931844994D00C1EFA3 /* InfoPlist.strings in Resources */ = {isa = PBXBuildFile; fileRef = 8FDB76911844994D00C1EFA3 /* InfoPlist.strings */; };
		8FDB76951844994D00C1EFA3 /* main.m in Sources */ = {isa = PBXBuildFile; fileRef = 8FDB76941844994D00C1EFA3 /* main.m */; };
		8FDB76991844994D00C1EFA3 /* ASSAppDelegate.m in Sources */ = {isa = PBXBuildFile; fileRef = 8FDB76981844994D00C1EFA3 /* ASSAppDelegate.m */; };
		8FDB769C1844994D00C1EFA3 /* Main.storyboard in Resources */ = {isa = PBXBuildFile; fileRef = 8FDB769A1844994D00C1EFA3 /* Main.storyboard */; };
		8FDB769F1844994D00C1EFA3 /* ASSViewController.m in Sources */ = {isa = PBXBuildFile; fileRef = 8FDB769E1844994D00C1EFA3 /* ASSViewController.m */; };
		8FDB76A11844994D00C1EFA3 /* Images.xcassets in Resources */ = {isa = PBXBuildFile; fileRef = 8FDB76A01844994D00C1EFA3 /* Images.xcassets */; };
		8FDB76A81844994E00C1EFA3 /* XCTest.framework in Frameworks */ = {isa = PBXBuildFile; fileRef = 8FDB76A71844994E00C1EFA3 /* XCTest.framework */; };
		8FDB76A91844994E00C1EFA3 /* Foundation.framework in Frameworks */ = {isa = PBXBuildFile; fileRef = 8FDB76881844994D00C1EFA3 /* Foundation.framework */; };
		8FDB76AA1844994E00C1EFA3 /* UIKit.framework in Frameworks */ = {isa = PBXBuildFile; fileRef = 8FDB768C1844994D00C1EFA3 /* UIKit.framework */; };
		8FDB76B21844994E00C1EFA3 /* InfoPlist.strings in Resources */ = {isa = PBXBuildFile; fileRef = 8FDB76B01844994E00C1EFA3 /* InfoPlist.strings */; };
		8FDB76B41844994E00C1EFA3 /* AVSpeechSynthesizerSampleTests.m in Sources */ = {isa = PBXBuildFile; fileRef = 8FDB76B31844994E00C1EFA3 /* AVSpeechSynthesizerSampleTests.m */; };
		8FDB76BE1844996400C1EFA3 /* AVFoundation.framework in Frameworks */ = {isa = PBXBuildFile; fileRef = 8FDB76BD1844996400C1EFA3 /* AVFoundation.framework */; };
/* End PBXBuildFile section */

/* Begin PBXContainerItemProxy section */
		8FDB76AB1844994E00C1EFA3 /* PBXContainerItemProxy */ = {
			isa = PBXContainerItemProxy;
			containerPortal = 8FDB767D1844994D00C1EFA3 /* Project object */;
			proxyType = 1;
			remoteGlobalIDString = 8FDB76841844994D00C1EFA3;
			remoteInfo = AVSpeechSynthesizerSample;
		};
/* End PBXContainerItemProxy section */

/* Begin PBXFileReference section */
		8FDB76851844994D00C1EFA3 /* AVSpeechSynthesizerSample.app */ = {isa = PBXFileReference; explicitFileType = wrapper.application; includeInIndex = 0; path = AVSpeechSynthesizerSample.app; sourceTree = BUILT_PRODUCTS_DIR; };
		8FDB76881844994D00C1EFA3 /* Foundation.framework */ = {isa = PBXFileReference; lastKnownFileType = wrapper.framework; name = Foundation.framework; path = System/Library/Frameworks/Foundation.framework; sourceTree = SDKROOT; };
		8FDB768A1844994D00C1EFA3 /* CoreGraphics.framework */ = {isa = PBXFileReference; lastKnownFileType = wrapper.framework; name = CoreGraphics.framework; path = System/Library/Frameworks/CoreGraphics.framework; sourceTree = SDKROOT; };
		8FDB768C1844994D00C1EFA3 /* UIKit.framework */ = {isa = PBXFileReference; lastKnownFileType = wrapper.framework; name = UIKit.framework; path = System/Library/Frameworks/UIKit.framework; sourceTree = SDKROOT; };
		8FDB76901844994D00C1EFA3 /* AVSpeechSynthesizerSample-Info.plist */ = {isa = PBXFileReference; lastKnownFileType = text.plist.xml; path = "AVSpeechSynthesizerSample-Info.plist"; sourceTree = "<group>"; };
		8FDB76921844994D00C1EFA3 /* en */ = {isa = PBXFileReference; lastKnownFileType = text.plist.strings; name = en; path = en.lproj/InfoPlist.strings; sourceTree = "<group>"; };
		8FDB76941844994D00C1EFA3 /* main.m */ = {isa = PBXFileReference; lastKnownFileType = sourcecode.c.objc; path = main.m; sourceTree = "<group>"; };
		8FDB76961844994D00C1EFA3 /* AVSpeechSynthesizerSample-Prefix.pch */ = {isa = PBXFileReference; lastKnownFileType = sourcecode.c.h; path = "AVSpeechSynthesizerSample-Prefix.pch"; sourceTree = "<group>"; };
		8FDB76971844994D00C1EFA3 /* ASSAppDelegate.h */ = {isa = PBXFileReference; lastKnownFileType = sourcecode.c.h; path = ASSAppDelegate.h; sourceTree = "<group>"; };
		8FDB76981844994D00C1EFA3 /* ASSAppDelegate.m */ = {isa = PBXFileReference; lastKnownFileType = sourcecode.c.objc; path = ASSAppDelegate.m; sourceTree = "<group>"; };
		8FDB769B1844994D00C1EFA3 /* Base */ = {isa = PBXFileReference; lastKnownFileType = file.storyboard; name = Base; path = Base.lproj/Main.storyboard; sourceTree = "<group>"; };
		8FDB769D1844994D00C1EFA3 /* ASSViewController.h */ = {isa = PBXFileReference; lastKnownFileType = sourcecode.c.h; path = ASSViewController.h; sourceTree = "<group>"; };
		8FDB769E1844994D00C1EFA3 /* ASSViewController.m */ = {isa = PBXFileReference; lastKnownFileType = sourcecode.c.objc; path = ASSViewController.m; sourceTree = "<group>"; };
		8FDB76A01844994D00C1EFA3 /* Images.xcassets */ = {isa = PBXFileReference; lastKnownFileType = folder.assetcatalog; path = Images.xcassets; sourceTree = "<group>"; };
		8FDB76A61844994E00C1EFA3 /* AVSpeechSynthesizerSampleTests.xctest */ = {isa = PBXFileReference; explicitFileType = wrapper.cfbundle; includeInIndex = 0; path = AVSpeechSynthesizerSampleTests.xctest; sourceTree = BUILT_PRODUCTS_DIR; };
		8FDB76A71844994E00C1EFA3 /* XCTest.framework */ = {isa = PBXFileReference; lastKnownFileType = wrapper.framework; name = XCTest.framework; path = Library/Frameworks/XCTest.framework; sourceTree = DEVELOPER_DIR; };
		8FDB76AF1844994E00C1EFA3 /* AVSpeechSynthesizerSampleTests-Info.plist */ = {isa = PBXFileReference; lastKnownFileType = text.plist.xml; path = "AVSpeechSynthesizerSampleTests-Info.plist"; sourceTree = "<group>"; };
		8FDB76B11844994E00C1EFA3 /* en */ = {isa = PBXFileReference; lastKnownFileType = text.plist.strings; name = en; path = en.lproj/InfoPlist.strings; sourceTree = "<group>"; };
		8FDB76B31844994E00C1EFA3 /* AVSpeechSynthesizerSampleTests.m */ = {isa = PBXFileReference; lastKnownFileType = sourcecode.c.objc; path = AVSpeechSynthesizerSampleTests.m; sourceTree = "<group>"; };
		8FDB76BD1844996400C1EFA3 /* AVFoundation.framework */ = {isa = PBXFileReference; lastKnownFileType = wrapper.framework; name = AVFoundation.framework; path = System/Library/Frameworks/AVFoundation.framework; sourceTree = SDKROOT; };
/* End PBXFileReference section */

/* Begin PBXFrameworksBuildPhase section */
		8FDB76821844994D00C1EFA3 /* Frameworks */ = {
			isa = PBXFrameworksBuildPhase;
			buildActionMask = 2147483647;
			files = (
				8FDB76BE1844996400C1EFA3 /* AVFoundation.framework in Frameworks */,
				8FDB768B1844994D00C1EFA3 /* CoreGraphics.framework in Frameworks */,
				8FDB768D1844994D00C1EFA3 /* UIKit.framework in Frameworks */,
				8FDB76891844994D00C1EFA3 /* Foundation.framework in Frameworks */,
			);
			runOnlyForDeploymentPostprocessing = 0;
		};
		8FDB76A31844994E00C1EFA3 /* Frameworks */ = {
			isa = PBXFrameworksBuildPhase;
			buildActionMask = 2147483647;
			files = (
				8FDB76A81844994E00C1EFA3 /* XCTest.framework in Frameworks */,
				8FDB76AA1844994E00C1EFA3 /* UIKit.framework in Frameworks */,
				8FDB76A91844994E00C1EFA3 /* Foundation.framework in Frameworks */,
			);
			runOnlyForDeploymentPostprocessing = 0;
		};
/* End PBXFrameworksBuildPhase section */

/* Begin PBXGroup section */
		8FDB767C1844994D00C1EFA3 = {
			isa = PBXGroup;
			children = (
				8FDB768E1844994D00C1EFA3 /* AVSpeechSynthesizerSample */,
				8FDB76AD1844994E00C1EFA3 /* AVSpeechSynthesizerSampleTests */,
				8FDB76871844994D00C1EFA3 /* Frameworks */,
				8FDB76861844994D00C1EFA3 /* Products */,
			);
			sourceTree = "<group>";
		};
		8FDB76861844994D00C1EFA3 /* Products */ = {
			isa = PBXGroup;
			children = (
				8FDB76851844994D00C1EFA3 /* AVSpeechSynthesizerSample.app */,
				8FDB76A61844994E00C1EFA3 /* AVSpeechSynthesizerSampleTests.xctest */,
			);
			name = Products;
			sourceTree = "<group>";
		};
		8FDB76871844994D00C1EFA3 /* Frameworks */ = {
			isa = PBXGroup;
			children = (
				8FDB76BD1844996400C1EFA3 /* AVFoundation.framework */,
				8FDB76881844994D00C1EFA3 /* Foundation.framework */,
				8FDB768A1844994D00C1EFA3 /* CoreGraphics.framework */,
				8FDB768C1844994D00C1EFA3 /* UIKit.framework */,
				8FDB76A71844994E00C1EFA3 /* XCTest.framework */,
			);
			name = Frameworks;
			sourceTree = "<group>";
		};
		8FDB768E1844994D00C1EFA3 /* AVSpeechSynthesizerSample */ = {
			isa = PBXGroup;
			children = (
				8FDB76971844994D00C1EFA3 /* ASSAppDelegate.h */,
				8FDB76981844994D00C1EFA3 /* ASSAppDelegate.m */,
				8FDB769A1844994D00C1EFA3 /* Main.storyboard */,
				8FDB769D1844994D00C1EFA3 /* ASSViewController.h */,
				8FDB769E1844994D00C1EFA3 /* ASSViewController.m */,
				8FDB76A01844994D00C1EFA3 /* Images.xcassets */,
				8FDB768F1844994D00C1EFA3 /* Supporting Files */,
			);
			path = AVSpeechSynthesizerSample;
			sourceTree = "<group>";
		};
		8FDB768F1844994D00C1EFA3 /* Supporting Files */ = {
			isa = PBXGroup;
			children = (
				8FDB76901844994D00C1EFA3 /* AVSpeechSynthesizerSample-Info.plist */,
				8FDB76911844994D00C1EFA3 /* InfoPlist.strings */,
				8FDB76941844994D00C1EFA3 /* main.m */,
				8FDB76961844994D00C1EFA3 /* AVSpeechSynthesizerSample-Prefix.pch */,
			);
			name = "Supporting Files";
			sourceTree = "<group>";
		};
		8FDB76AD1844994E00C1EFA3 /* AVSpeechSynthesizerSampleTests */ = {
			isa = PBXGroup;
			children = (
				8FDB76B31844994E00C1EFA3 /* AVSpeechSynthesizerSampleTests.m */,
				8FDB76AE1844994E00C1EFA3 /* Supporting Files */,
			);
			path = AVSpeechSynthesizerSampleTests;
			sourceTree = "<group>";
		};
		8FDB76AE1844994E00C1EFA3 /* Supporting Files */ = {
			isa = PBXGroup;
			children = (
				8FDB76AF1844994E00C1EFA3 /* AVSpeechSynthesizerSampleTests-Info.plist */,
				8FDB76B01844994E00C1EFA3 /* InfoPlist.strings */,
			);
			name = "Supporting Files";
			sourceTree = "<group>";
		};
/* End PBXGroup section */

/* Begin PBXNativeTarget section */
		8FDB76841844994D00C1EFA3 /* AVSpeechSynthesizerSample */ = {
			isa = PBXNativeTarget;
			buildConfigurationList = 8FDB76B71844994E00C1EFA3 /* Build configuration list for PBXNativeTarget "AVSpeechSynthesizerSample" */;
			buildPhases = (
				8FDB76811844994D00C1EFA3 /* Sources */,
				8FDB76821844994D00C1EFA3 /* Frameworks */,
				8FDB76831844994D00C1EFA3 /* Resources */,
			);
			buildRules = (
			);
			dependencies = (
			);
			name = AVSpeechSynthesizerSample;
			productName = AVSpeechSynthesizerSample;
			productReference = 8FDB76851844994D00C1EFA3 /* AVSpeechSynthesizerSample.app */;
			productType = "com.apple.product-type.application";
		};
		8FDB76A51844994E00C1EFA3 /* AVSpeechSynthesizerSampleTests */ = {
			isa = PBXNativeTarget;
			buildConfigurationList = 8FDB76BA1844994E00C1EFA3 /* Build configuration list for PBXNativeTarget "AVSpeechSynthesizerSampleTests" */;
			buildPhases = (
				8FDB76A21844994E00C1EFA3 /* Sources */,
				8FDB76A31844994E00C1EFA3 /* Frameworks */,
				8FDB76A41844994E00C1EFA3 /* Resources */,
			);
			buildRules = (
			);
			dependencies = (
				8FDB76AC1844994E00C1EFA3 /* PBXTargetDependency */,
			);
			name = AVSpeechSynthesizerSampleTests;
			productName = AVSpeechSynthesizerSampleTests;
			productReference = 8FDB76A61844994E00C1EFA3 /* AVSpeechSynthesizerSampleTests.xctest */;
			productType = "com.apple.product-type.bundle.unit-test";
		};
/* End PBXNativeTarget section */

/* Begin PBXProject section */
		8FDB767D1844994D00C1EFA3 /* Project object */ = {
			isa = PBXProject;
			attributes = {
				CLASSPREFIX = ASS;
				LastUpgradeCheck = 0500;
				ORGANIZATIONNAME = "Toshiki Chiba";
				TargetAttributes = {
					8FDB76A51844994E00C1EFA3 = {
						TestTargetID = 8FDB76841844994D00C1EFA3;
					};
				};
			};
			buildConfigurationList = 8FDB76801844994D00C1EFA3 /* Build configuration list for PBXProject "AVSpeechSynthesizerSample" */;
			compatibilityVersion = "Xcode 3.2";
			developmentRegion = English;
			hasScannedForEncodings = 0;
			knownRegions = (
				en,
				Base,
			);
			mainGroup = 8FDB767C1844994D00C1EFA3;
			productRefGroup = 8FDB76861844994D00C1EFA3 /* Products */;
			projectDirPath = "";
			projectRoot = "";
			targets = (
				8FDB76841844994D00C1EFA3 /* AVSpeechSynthesizerSample */,
				8FDB76A51844994E00C1EFA3 /* AVSpeechSynthesizerSampleTests */,
			);
		};
/* End PBXProject section */

/* Begin PBXResourcesBuildPhase section */
		8FDB76831844994D00C1EFA3 /* Resources */ = {
			isa = PBXResourcesBuildPhase;
			buildActionMask = 2147483647;
			files = (
				8FDB76A11844994D00C1EFA3 /* Images.xcassets in Resources */,
				8FDB76931844994D00C1EFA3 /* InfoPlist.strings in Resources */,
				8FDB769C1844994D00C1EFA3 /* Main.storyboard in Resources */,
			);
			runOnlyForDeploymentPostprocessing = 0;
		};
		8FDB76A41844994E00C1EFA3 /* Resources */ = {
			isa = PBXResourcesBuildPhase;
			buildActionMask = 2147483647;
			files = (
				8FDB76B21844994E00C1EFA3 /* InfoPlist.strings in Resources */,
			);
			runOnlyForDeploymentPostprocessing = 0;
		};
/* End PBXResourcesBuildPhase section */

/* Begin PBXSourcesBuildPhase section */
		8FDB76811844994D00C1EFA3 /* Sources */ = {
			isa = PBXSourcesBuildPhase;
			buildActionMask = 2147483647;
			files = (
				8FDB769F1844994D00C1EFA3 /* ASSViewController.m in Sources */,
				8FDB76991844994D00C1EFA3 /* ASSAppDelegate.m in Sources */,
				8FDB76951844994D00C1EFA3 /* main.m in Sources */,
			);
			runOnlyForDeploymentPostprocessing = 0;
		};
		8FDB76A21844994E00C1EFA3 /* Sources */ = {
			isa = PBXSourcesBuildPhase;
			buildActionMask = 2147483647;
			files = (
				8FDB76B41844994E00C1EFA3 /* AVSpeechSynthesizerSampleTests.m in Sources */,
			);
			runOnlyForDeploymentPostprocessing = 0;
		};
/* End PBXSourcesBuildPhase section */

/* Begin PBXTargetDependency section */
		8FDB76AC1844994E00C1EFA3 /* PBXTargetDependency */ = {
			isa = PBXTargetDependency;
			target = 8FDB76841844994D00C1EFA3 /* AVSpeechSynthesizerSample */;
			targetProxy = 8FDB76AB1844994E00C1EFA3 /* PBXContainerItemProxy */;
		};
/* End PBXTargetDependency section */

/* Begin PBXVariantGroup section */
		8FDB76911844994D00C1EFA3 /* InfoPlist.strings */ = {
			isa = PBXVariantGroup;
			children = (
				8FDB76921844994D00C1EFA3 /* en */,
			);
			name = InfoPlist.strings;
			sourceTree = "<group>";
		};
		8FDB769A1844994D00C1EFA3 /* Main.storyboard */ = {
			isa = PBXVariantGroup;
			children = (
				8FDB769B1844994D00C1EFA3 /* Base */,
			);
			name = Main.storyboard;
			sourceTree = "<group>";
		};
		8FDB76B01844994E00C1EFA3 /* InfoPlist.strings */ = {
			isa = PBXVariantGroup;
			children = (
				8FDB76B11844994E00C1EFA3 /* en */,
			);
			name = InfoPlist.strings;
			sourceTree = "<group>";
		};
/* End PBXVariantGroup section */

/* Begin XCBuildConfiguration section */
		8FDB76B51844994E00C1EFA3 /* Debug */ = {
			isa = XCBuildConfiguration;
			buildSettings = {
				ALWAYS_SEARCH_USER_PATHS = NO;
				ARCHS = "$(ARCHS_STANDARD_INCLUDING_64_BIT)";
				CLANG_CXX_LANGUAGE_STANDARD = "gnu++0x";
				CLANG_CXX_LIBRARY = "libc++";
				CLANG_ENABLE_MODULES = YES;
				CLANG_ENABLE_OBJC_ARC = YES;
				CLANG_WARN_BOOL_CONVERSION = YES;
				CLANG_WARN_CONSTANT_CONVERSION = YES;
				CLANG_WARN_DIRECT_OBJC_ISA_USAGE = YES_ERROR;
				CLANG_WARN_EMPTY_BODY = YES;
				CLANG_WARN_ENUM_CONVERSION = YES;
				CLANG_WARN_INT_CONVERSION = YES;
				CLANG_WARN_OBJC_ROOT_CLASS = YES_ERROR;
				CLANG_WARN__DUPLICATE_METHOD_MATCH = YES;
				"CODE_SIGN_IDENTITY[sdk=iphoneos*]" = "iPhone Developer";
				COPY_PHASE_STRIP = NO;
				GCC_C_LANGUAGE_STANDARD = gnu99;
				GCC_DYNAMIC_NO_PIC = NO;
				GCC_OPTIMIZATION_LEVEL = 0;
				GCC_PREPROCESSOR_DEFINITIONS = (
					"DEBUG=1",
					"$(inherited)",
				);
				GCC_SYMBOLS_PRIVATE_EXTERN = NO;
				GCC_WARN_64_TO_32_BIT_CONVERSION = YES;
				GCC_WARN_ABOUT_RETURN_TYPE = YES_ERROR;
				GCC_WARN_UNDECLARED_SELECTOR = YES;
				GCC_WARN_UNINITIALIZED_AUTOS = YES;
				GCC_WARN_UNUSED_FUNCTION = YES;
				GCC_WARN_UNUSED_VARIABLE = YES;
				IPHONEOS_DEPLOYMENT_TARGET = 7.0;
				ONLY_ACTIVE_ARCH = YES;
				SDKROOT = iphoneos;
			};
			name = Debug;
		};
		8FDB76B61844994E00C1EFA3 /* Release */ = {
			isa = XCBuildConfiguration;
			buildSettings = {
				ALWAYS_SEARCH_USER_PATHS = NO;
				ARCHS = "$(ARCHS_STANDARD_INCLUDING_64_BIT)";
				CLANG_CXX_LANGUAGE_STANDARD = "gnu++0x";
				CLANG_CXX_LIBRARY = "libc++";
				CLANG_ENABLE_MODULES = YES;
				CLANG_ENABLE_OBJC_ARC = YES;
				CLANG_WARN_BOOL_CONVERSION = YES;
				CLANG_WARN_CONSTANT_CONVERSION = YES;
				CLANG_WARN_DIRECT_OBJC_ISA_USAGE = YES_ERROR;
				CLANG_WARN_EMPTY_BODY = YES;
				CLANG_WARN_ENUM_CONVERSION = YES;
				CLANG_WARN_INT_CONVERSION = YES;
				CLANG_WARN_OBJC_ROOT_CLASS = YES_ERROR;
				CLANG_WARN__DUPLICATE_METHOD_MATCH = YES;
				"CODE_SIGN_IDENTITY[sdk=iphoneos*]" = "iPhone Developer";
				COPY_PHASE_STRIP = YES;
				ENABLE_NS_ASSERTIONS = NO;
				GCC_C_LANGUAGE_STANDARD = gnu99;
				GCC_WARN_64_TO_32_BIT_CONVERSION = YES;
				GCC_WARN_ABOUT_RETURN_TYPE = YES_ERROR;
				GCC_WARN_UNDECLARED_SELECTOR = YES;
				GCC_WARN_UNINITIALIZED_AUTOS = YES;
				GCC_WARN_UNUSED_FUNCTION = YES;
				GCC_WARN_UNUSED_VARIABLE = YES;
				IPHONEOS_DEPLOYMENT_TARGET = 7.0;
				SDKROOT = iphoneos;
				VALIDATE_PRODUCT = YES;
			};
			name = Release;
		};
		8FDB76B81844994E00C1EFA3 /* Debug */ = {
			isa = XCBuildConfiguration;
			buildSettings = {
				ASSETCATALOG_COMPILER_APPICON_NAME = AppIcon;
				ASSETCATALOG_COMPILER_LAUNCHIMAGE_NAME = LaunchImage;
				GCC_PRECOMPILE_PREFIX_HEADER = YES;
				GCC_PREFIX_HEADER = "AVSpeechSynthesizerSample/AVSpeechSynthesizerSample-Prefix.pch";
				INFOPLIST_FILE = "AVSpeechSynthesizerSample/AVSpeechSynthesizerSample-Info.plist";
				PRODUCT_NAME = "$(TARGET_NAME)";
				WRAPPER_EXTENSION = app;
			};
			name = Debug;
		};
		8FDB76B91844994E00C1EFA3 /* Release */ = {
			isa = XCBuildConfiguration;
			buildSettings = {
				ASSETCATALOG_COMPILER_APPICON_NAME = AppIcon;
				ASSETCATALOG_COMPILER_LAUNCHIMAGE_NAME = LaunchImage;
				GCC_PRECOMPILE_PREFIX_HEADER = YES;
				GCC_PREFIX_HEADER = "AVSpeechSynthesizerSample/AVSpeechSynthesizerSample-Prefix.pch";
				INFOPLIST_FILE = "AVSpeechSynthesizerSample/AVSpeechSynthesizerSample-Info.plist";
				PRODUCT_NAME = "$(TARGET_NAME)";
				WRAPPER_EXTENSION = app;
			};
			name = Release;
		};
		8FDB76BB1844994E00C1EFA3 /* Debug */ = {
			isa = XCBuildConfiguration;
			buildSettings = {
				ARCHS = "$(ARCHS_STANDARD_INCLUDING_64_BIT)";
				BUNDLE_LOADER = "$(BUILT_PRODUCTS_DIR)/AVSpeechSynthesizerSample.app/AVSpeechSynthesizerSample";
				FRAMEWORK_SEARCH_PATHS = (
					"$(SDKROOT)/Developer/Library/Frameworks",
					"$(inherited)",
					"$(DEVELOPER_FRAMEWORKS_DIR)",
				);
				GCC_PRECOMPILE_PREFIX_HEADER = YES;
				GCC_PREFIX_HEADER = "AVSpeechSynthesizerSample/AVSpeechSynthesizerSample-Prefix.pch";
				GCC_PREPROCESSOR_DEFINITIONS = (
					"DEBUG=1",
					"$(inherited)",
				);
				INFOPLIST_FILE = "AVSpeechSynthesizerSampleTests/AVSpeechSynthesizerSampleTests-Info.plist";
				PRODUCT_NAME = "$(TARGET_NAME)";
				TEST_HOST = "$(BUNDLE_LOADER)";
				WRAPPER_EXTENSION = xctest;
			};
			name = Debug;
		};
		8FDB76BC1844994E00C1EFA3 /* Release */ = {
			isa = XCBuildConfiguration;
			buildSettings = {
				ARCHS = "$(ARCHS_STANDARD_INCLUDING_64_BIT)";
				BUNDLE_LOADER = "$(BUILT_PRODUCTS_DIR)/AVSpeechSynthesizerSample.app/AVSpeechSynthesizerSample";
				FRAMEWORK_SEARCH_PATHS = (
					"$(SDKROOT)/Developer/Library/Frameworks",
					"$(inherited)",
					"$(DEVELOPER_FRAMEWORKS_DIR)",
				);
				GCC_PRECOMPILE_PREFIX_HEADER = YES;
				GCC_PREFIX_HEADER = "AVSpeechSynthesizerSample/AVSpeechSynthesizerSample-Prefix.pch";
				INFOPLIST_FILE = "AVSpeechSynthesizerSampleTests/AVSpeechSynthesizerSampleTests-Info.plist";
				PRODUCT_NAME = "$(TARGET_NAME)";
				TEST_HOST = "$(BUNDLE_LOADER)";
				WRAPPER_EXTENSION = xctest;
			};
			name = Release;
		};
/* End XCBuildConfiguration section */

/* Begin XCConfigurationList section */
		8FDB76801844994D00C1EFA3 /* Build configuration list for PBXProject "AVSpeechSynthesizerSample" */ = {
			isa = XCConfigurationList;
			buildConfigurations = (
				8FDB76B51844994E00C1EFA3 /* Debug */,
				8FDB76B61844994E00C1EFA3 /* Release */,
			);
			defaultConfigurationIsVisible = 0;
			defaultConfigurationName = Release;
		};
		8FDB76B71844994E00C1EFA3 /* Build configuration list for PBXNativeTarget "AVSpeechSynthesizerSample" */ = {
			isa = XCConfigurationList;
			buildConfigurations = (
				8FDB76B81844994E00C1EFA3 /* Debug */,
				8FDB76B91844994E00C1EFA3 /* Release */,
			);
			defaultConfigurationIsVisible = 0;
		};
		8FDB76BA1844994E00C1EFA3 /* Build configuration list for PBXNativeTarget "AVSpeechSynthesizerSampleTests" */ = {
			isa = XCConfigurationList;
			buildConfigurations = (
				8FDB76BB1844994E00C1EFA3 /* Debug */,
				8FDB76BC1844994E00C1EFA3 /* Release */,
			);
			defaultConfigurationIsVisible = 0;
		};
/* End XCConfigurationList section */
	};
	rootObject = 8FDB767D1844994D00C1EFA3 /* Project object */;
}
